// !$*UTF8*$!
{
	archiveVersion = 1;
	classes = {
	};
	objectVersion = 56;
	objects = {

/* Begin PBXBuildFile section */
		2B19B38D2980435800E6AF56 /* DetailViewModel.swift in Sources */ = {isa = PBXBuildFile; fileRef = 2B19B38C2980435800E6AF56 /* DetailViewModel.swift */; };
		2B19B390298043CD00E6AF56 /* ListItemViewModel.swift in Sources */ = {isa = PBXBuildFile; fileRef = 2B19B38F298043CD00E6AF56 /* ListItemViewModel.swift */; };
		2B19B3922980457500E6AF56 /* All.swift in Sources */ = {isa = PBXBuildFile; fileRef = 2B19B3912980457500E6AF56 /* All.swift */; };
		2B19B394298050A500E6AF56 /* Equipment.swift in Sources */ = {isa = PBXBuildFile; fileRef = 2B19B393298050A500E6AF56 /* Equipment.swift */; };
		2B19B3962980D57D00E6AF56 /* Material.swift in Sources */ = {isa = PBXBuildFile; fileRef = 2B19B3952980D57D00E6AF56 /* Material.swift */; };
		2B19B39B29816B4E00E6AF56 /* NetworkManagerMock.swift in Sources */ = {isa = PBXBuildFile; fileRef = 2B19B39A29816B4E00E6AF56 /* NetworkManagerMock.swift */; };
		2B19B3A029816BCB00E6AF56 /* All.json in Resources */ = {isa = PBXBuildFile; fileRef = 2B19B39F29816BCB00E6AF56 /* All.json */; };
		2B19B3A529817F0600E6AF56 /* JSONMapper.swift in Sources */ = {isa = PBXBuildFile; fileRef = 2B19B3A429817F0600E6AF56 /* JSONMapper.swift */; };
		2B19B3A9298180B000E6AF56 /* CoreDataManagerMock.swift in Sources */ = {isa = PBXBuildFile; fileRef = 2B19B3A8298180B000E6AF56 /* CoreDataManagerMock.swift */; };
		2B19B3AB298180C400E6AF56 /* DataManagerMock.swift in Sources */ = {isa = PBXBuildFile; fileRef = 2B19B3AA298180C400E6AF56 /* DataManagerMock.swift */; };
		2B19B3AF298184AB00E6AF56 /* ListViewModelTests.swift in Sources */ = {isa = PBXBuildFile; fileRef = 2B19B3AE298184AB00E6AF56 /* ListViewModelTests.swift */; };
		2B566638297DDB3000BD263E /* DataManager.swift in Sources */ = {isa = PBXBuildFile; fileRef = 2B566637297DDB3000BD263E /* DataManager.swift */; };
		2B56663A297E272200BD263E /* DataMapper.swift in Sources */ = {isa = PBXBuildFile; fileRef = 2B566639297E272200BD263E /* DataMapper.swift */; };
		2B56663D297E322700BD263E /* SettingsView.swift in Sources */ = {isa = PBXBuildFile; fileRef = 2B56663C297E322700BD263E /* SettingsView.swift */; };
		2B566640297ED60A00BD263E /* Toast.swift in Sources */ = {isa = PBXBuildFile; fileRef = 2B56663F297ED60A00BD263E /* Toast.swift */; };
		2B566643297ED69D00BD263E /* Theme.swift in Sources */ = {isa = PBXBuildFile; fileRef = 2B566642297ED69D00BD263E /* Theme.swift */; };
		2B566645297EDE0900BD263E /* BackgroundView.swift in Sources */ = {isa = PBXBuildFile; fileRef = 2B566644297EDE0900BD263E /* BackgroundView.swift */; };
		2B566649297F319F00BD263E /* SkeletonLoaderView.swift in Sources */ = {isa = PBXBuildFile; fileRef = 2B566648297F319F00BD263E /* SkeletonLoaderView.swift */; };
		2B56664B297F44AF00BD263E /* Symbols.swift in Sources */ = {isa = PBXBuildFile; fileRef = 2B56664A297F44AE00BD263E /* Symbols.swift */; };
		2B56664D297F457900BD263E /* Localizable.strings in Resources */ = {isa = PBXBuildFile; fileRef = 2B56664C297F457900BD263E /* Localizable.strings */; };
		2B56664F297F47BF00BD263E /* Localizables.swift in Sources */ = {isa = PBXBuildFile; fileRef = 2B56664E297F47BF00BD263E /* Localizables.swift */; };
		2B566651297F555500BD263E /* View+Toast.swift in Sources */ = {isa = PBXBuildFile; fileRef = 2B566650297F555500BD263E /* View+Toast.swift */; };
		2B566654297F6D2000BD263E /* SettingsViewModel.swift in Sources */ = {isa = PBXBuildFile; fileRef = 2B566653297F6D2000BD263E /* SettingsViewModel.swift */; };
		2BF70B36297A214500B7263C /* HyruleCompendiumApp.swift in Sources */ = {isa = PBXBuildFile; fileRef = 2BF70B35297A214500B7263C /* HyruleCompendiumApp.swift */; };
		2BF70B3A297A214600B7263C /* Assets.xcassets in Resources */ = {isa = PBXBuildFile; fileRef = 2BF70B39297A214600B7263C /* Assets.xcassets */; };
		2BF70B3D297A214600B7263C /* Preview Assets.xcassets in Resources */ = {isa = PBXBuildFile; fileRef = 2BF70B3C297A214600B7263C /* Preview Assets.xcassets */; };
		2BF70B42297A214600B7263C /* HyruleCompendium.xcdatamodeld in Sources */ = {isa = PBXBuildFile; fileRef = 2BF70B40297A214600B7263C /* HyruleCompendium.xcdatamodeld */; };
		2BF70B4C297A214700B7263C /* NetworkManagerTests.swift in Sources */ = {isa = PBXBuildFile; fileRef = 2BF70B4B297A214700B7263C /* NetworkManagerTests.swift */; };
		2BF70B56297A214700B7263C /* HyruleCompendiumUITests.swift in Sources */ = {isa = PBXBuildFile; fileRef = 2BF70B55297A214700B7263C /* HyruleCompendiumUITests.swift */; };
		2BF70B58297A214700B7263C /* HyruleCompendiumUITestsLaunchTests.swift in Sources */ = {isa = PBXBuildFile; fileRef = 2BF70B57297A214700B7263C /* HyruleCompendiumUITestsLaunchTests.swift */; };
		2BF70B65297A2BF200B7263C /* ListView.swift in Sources */ = {isa = PBXBuildFile; fileRef = 2BF70B64297A2BF200B7263C /* ListView.swift */; };
		2BF70B69297A2C0E00B7263C /* DetailView.swift in Sources */ = {isa = PBXBuildFile; fileRef = 2BF70B68297A2C0E00B7263C /* DetailView.swift */; };
		2BF70B6B297A2C6100B7263C /* ListViewModel.swift in Sources */ = {isa = PBXBuildFile; fileRef = 2BF70B6A297A2C6100B7263C /* ListViewModel.swift */; };
		2BF70B6F297A2C8600B7263C /* Monster.swift in Sources */ = {isa = PBXBuildFile; fileRef = 2BF70B6E297A2C8600B7263C /* Monster.swift */; };
		2BF70B72297A3B6700B7263C /* NetworkManager.swift in Sources */ = {isa = PBXBuildFile; fileRef = 2BF70B71297A3B6700B7263C /* NetworkManager.swift */; };
		2BF70B74297A3B8D00B7263C /* Endpoints.swift in Sources */ = {isa = PBXBuildFile; fileRef = 2BF70B73297A3B8D00B7263C /* Endpoints.swift */; };
		2BF70B76297B5D9C00B7263C /* ListItemView.swift in Sources */ = {isa = PBXBuildFile; fileRef = 2BF70B75297B5D9C00B7263C /* ListItemView.swift */; };
		2BF70B7C297CA31B00B7263C /* CoreDataManager.swift in Sources */ = {isa = PBXBuildFile; fileRef = 2BF70B7B297CA31B00B7263C /* CoreDataManager.swift */; };
		2BF70B7E297CA44400B7263C /* ServerResponse.swift in Sources */ = {isa = PBXBuildFile; fileRef = 2BF70B7D297CA44400B7263C /* ServerResponse.swift */; };
/* End PBXBuildFile section */

/* Begin PBXContainerItemProxy section */
		2BF70B48297A214700B7263C /* PBXContainerItemProxy */ = {
			isa = PBXContainerItemProxy;
			containerPortal = 2BF70B2A297A214500B7263C /* Project object */;
			proxyType = 1;
			remoteGlobalIDString = 2BF70B31297A214500B7263C;
			remoteInfo = HyruleCompendium;
		};
		2BF70B52297A214700B7263C /* PBXContainerItemProxy */ = {
			isa = PBXContainerItemProxy;
			containerPortal = 2BF70B2A297A214500B7263C /* Project object */;
			proxyType = 1;
			remoteGlobalIDString = 2BF70B31297A214500B7263C;
			remoteInfo = HyruleCompendium;
		};
/* End PBXContainerItemProxy section */

/* Begin PBXFileReference section */
		2B19B38C2980435800E6AF56 /* DetailViewModel.swift */ = {isa = PBXFileReference; lastKnownFileType = sourcecode.swift; path = DetailViewModel.swift; sourceTree = "<group>"; };
		2B19B38F298043CD00E6AF56 /* ListItemViewModel.swift */ = {isa = PBXFileReference; lastKnownFileType = sourcecode.swift; path = ListItemViewModel.swift; sourceTree = "<group>"; };
		2B19B3912980457500E6AF56 /* All.swift */ = {isa = PBXFileReference; lastKnownFileType = sourcecode.swift; path = All.swift; sourceTree = "<group>"; };
		2B19B393298050A500E6AF56 /* Equipment.swift */ = {isa = PBXFileReference; lastKnownFileType = sourcecode.swift; path = Equipment.swift; sourceTree = "<group>"; };
		2B19B3952980D57D00E6AF56 /* Material.swift */ = {isa = PBXFileReference; lastKnownFileType = sourcecode.swift; path = Material.swift; sourceTree = "<group>"; };
		2B19B39A29816B4E00E6AF56 /* NetworkManagerMock.swift */ = {isa = PBXFileReference; lastKnownFileType = sourcecode.swift; path = NetworkManagerMock.swift; sourceTree = "<group>"; };
		2B19B39F29816BCB00E6AF56 /* All.json */ = {isa = PBXFileReference; lastKnownFileType = text.json; path = All.json; sourceTree = "<group>"; };
		2B19B3A429817F0600E6AF56 /* JSONMapper.swift */ = {isa = PBXFileReference; lastKnownFileType = sourcecode.swift; path = JSONMapper.swift; sourceTree = "<group>"; };
		2B19B3A8298180B000E6AF56 /* CoreDataManagerMock.swift */ = {isa = PBXFileReference; lastKnownFileType = sourcecode.swift; path = CoreDataManagerMock.swift; sourceTree = "<group>"; };
		2B19B3AA298180C400E6AF56 /* DataManagerMock.swift */ = {isa = PBXFileReference; lastKnownFileType = sourcecode.swift; path = DataManagerMock.swift; sourceTree = "<group>"; };
		2B19B3AE298184AB00E6AF56 /* ListViewModelTests.swift */ = {isa = PBXFileReference; lastKnownFileType = sourcecode.swift; path = ListViewModelTests.swift; sourceTree = "<group>"; };
		2B566637297DDB3000BD263E /* DataManager.swift */ = {isa = PBXFileReference; lastKnownFileType = sourcecode.swift; path = DataManager.swift; sourceTree = "<group>"; };
		2B566639297E272200BD263E /* DataMapper.swift */ = {isa = PBXFileReference; lastKnownFileType = sourcecode.swift; path = DataMapper.swift; sourceTree = "<group>"; };
		2B56663C297E322700BD263E /* SettingsView.swift */ = {isa = PBXFileReference; lastKnownFileType = sourcecode.swift; path = SettingsView.swift; sourceTree = "<group>"; };
		2B56663F297ED60A00BD263E /* Toast.swift */ = {isa = PBXFileReference; lastKnownFileType = sourcecode.swift; path = Toast.swift; sourceTree = "<group>"; };
		2B566642297ED69D00BD263E /* Theme.swift */ = {isa = PBXFileReference; lastKnownFileType = sourcecode.swift; path = Theme.swift; sourceTree = "<group>"; };
		2B566644297EDE0900BD263E /* BackgroundView.swift */ = {isa = PBXFileReference; lastKnownFileType = sourcecode.swift; path = BackgroundView.swift; sourceTree = "<group>"; };
		2B566648297F319F00BD263E /* SkeletonLoaderView.swift */ = {isa = PBXFileReference; lastKnownFileType = sourcecode.swift; path = SkeletonLoaderView.swift; sourceTree = "<group>"; };
		2B56664A297F44AE00BD263E /* Symbols.swift */ = {isa = PBXFileReference; lastKnownFileType = sourcecode.swift; path = Symbols.swift; sourceTree = "<group>"; };
		2B56664C297F457900BD263E /* Localizable.strings */ = {isa = PBXFileReference; lastKnownFileType = text.plist.strings; path = Localizable.strings; sourceTree = "<group>"; };
		2B56664E297F47BF00BD263E /* Localizables.swift */ = {isa = PBXFileReference; lastKnownFileType = sourcecode.swift; path = Localizables.swift; sourceTree = "<group>"; };
		2B566650297F555500BD263E /* View+Toast.swift */ = {isa = PBXFileReference; lastKnownFileType = sourcecode.swift; path = "View+Toast.swift"; sourceTree = "<group>"; };
		2B566653297F6D2000BD263E /* SettingsViewModel.swift */ = {isa = PBXFileReference; lastKnownFileType = sourcecode.swift; path = SettingsViewModel.swift; sourceTree = "<group>"; };
		2BF70B32297A214500B7263C /* HyruleCompendium.app */ = {isa = PBXFileReference; explicitFileType = wrapper.application; includeInIndex = 0; path = HyruleCompendium.app; sourceTree = BUILT_PRODUCTS_DIR; };
		2BF70B35297A214500B7263C /* HyruleCompendiumApp.swift */ = {isa = PBXFileReference; lastKnownFileType = sourcecode.swift; path = HyruleCompendiumApp.swift; sourceTree = "<group>"; };
		2BF70B39297A214600B7263C /* Assets.xcassets */ = {isa = PBXFileReference; lastKnownFileType = folder.assetcatalog; path = Assets.xcassets; sourceTree = "<group>"; };
		2BF70B3C297A214600B7263C /* Preview Assets.xcassets */ = {isa = PBXFileReference; lastKnownFileType = folder.assetcatalog; path = "Preview Assets.xcassets"; sourceTree = "<group>"; };
		2BF70B41297A214600B7263C /* HyruleCompendium.xcdatamodel */ = {isa = PBXFileReference; lastKnownFileType = wrapper.xcdatamodel; path = HyruleCompendium.xcdatamodel; sourceTree = "<group>"; };
		2BF70B47297A214700B7263C /* HyruleCompendiumTests.xctest */ = {isa = PBXFileReference; explicitFileType = wrapper.cfbundle; includeInIndex = 0; path = HyruleCompendiumTests.xctest; sourceTree = BUILT_PRODUCTS_DIR; };
		2BF70B4B297A214700B7263C /* NetworkManagerTests.swift */ = {isa = PBXFileReference; lastKnownFileType = sourcecode.swift; path = NetworkManagerTests.swift; sourceTree = "<group>"; };
		2BF70B51297A214700B7263C /* HyruleCompendiumUITests.xctest */ = {isa = PBXFileReference; explicitFileType = wrapper.cfbundle; includeInIndex = 0; path = HyruleCompendiumUITests.xctest; sourceTree = BUILT_PRODUCTS_DIR; };
		2BF70B55297A214700B7263C /* HyruleCompendiumUITests.swift */ = {isa = PBXFileReference; lastKnownFileType = sourcecode.swift; path = HyruleCompendiumUITests.swift; sourceTree = "<group>"; };
		2BF70B57297A214700B7263C /* HyruleCompendiumUITestsLaunchTests.swift */ = {isa = PBXFileReference; lastKnownFileType = sourcecode.swift; path = HyruleCompendiumUITestsLaunchTests.swift; sourceTree = "<group>"; };
		2BF70B64297A2BF200B7263C /* ListView.swift */ = {isa = PBXFileReference; lastKnownFileType = sourcecode.swift; path = ListView.swift; sourceTree = "<group>"; };
		2BF70B68297A2C0E00B7263C /* DetailView.swift */ = {isa = PBXFileReference; lastKnownFileType = sourcecode.swift; path = DetailView.swift; sourceTree = "<group>"; };
		2BF70B6A297A2C6100B7263C /* ListViewModel.swift */ = {isa = PBXFileReference; lastKnownFileType = sourcecode.swift; path = ListViewModel.swift; sourceTree = "<group>"; };
		2BF70B6E297A2C8600B7263C /* Monster.swift */ = {isa = PBXFileReference; lastKnownFileType = sourcecode.swift; path = Monster.swift; sourceTree = "<group>"; };
		2BF70B71297A3B6700B7263C /* NetworkManager.swift */ = {isa = PBXFileReference; lastKnownFileType = sourcecode.swift; path = NetworkManager.swift; sourceTree = "<group>"; };
		2BF70B73297A3B8D00B7263C /* Endpoints.swift */ = {isa = PBXFileReference; lastKnownFileType = sourcecode.swift; path = Endpoints.swift; sourceTree = "<group>"; };
		2BF70B75297B5D9C00B7263C /* ListItemView.swift */ = {isa = PBXFileReference; lastKnownFileType = sourcecode.swift; path = ListItemView.swift; sourceTree = "<group>"; };
		2BF70B7B297CA31B00B7263C /* CoreDataManager.swift */ = {isa = PBXFileReference; lastKnownFileType = sourcecode.swift; path = CoreDataManager.swift; sourceTree = "<group>"; };
		2BF70B7D297CA44400B7263C /* ServerResponse.swift */ = {isa = PBXFileReference; lastKnownFileType = sourcecode.swift; path = ServerResponse.swift; sourceTree = "<group>"; };
/* End PBXFileReference section */

/* Begin PBXFrameworksBuildPhase section */
		2BF70B2F297A214500B7263C /* Frameworks */ = {
			isa = PBXFrameworksBuildPhase;
			buildActionMask = 2147483647;
			files = (
			);
			runOnlyForDeploymentPostprocessing = 0;
		};
		2BF70B44297A214700B7263C /* Frameworks */ = {
			isa = PBXFrameworksBuildPhase;
			buildActionMask = 2147483647;
			files = (
			);
			runOnlyForDeploymentPostprocessing = 0;
		};
		2BF70B4E297A214700B7263C /* Frameworks */ = {
			isa = PBXFrameworksBuildPhase;
			buildActionMask = 2147483647;
			files = (
			);
			runOnlyForDeploymentPostprocessing = 0;
		};
/* End PBXFrameworksBuildPhase section */

/* Begin PBXGroup section */
		2B19B38E298043B800E6AF56 /* ListItem */ = {
			isa = PBXGroup;
			children = (
				2BF70B75297B5D9C00B7263C /* ListItemView.swift */,
				2B19B38F298043CD00E6AF56 /* ListItemViewModel.swift */,
			);
			path = ListItem;
			sourceTree = "<group>";
		};
		2B19B39929816B2100E6AF56 /* Mocks */ = {
			isa = PBXGroup;
			children = (
				2B19B3A329817EFA00E6AF56 /* Helper */,
				2B19B39A29816B4E00E6AF56 /* NetworkManagerMock.swift */,
				2B19B3A8298180B000E6AF56 /* CoreDataManagerMock.swift */,
				2B19B3AA298180C400E6AF56 /* DataManagerMock.swift */,
			);
			path = Mocks;
			sourceTree = "<group>";
		};
		2B19B39E29816B9900E6AF56 /* JSON */ = {
			isa = PBXGroup;
			children = (
				2B19B39F29816BCB00E6AF56 /* All.json */,
			);
			path = JSON;
			sourceTree = "<group>";
		};
		2B19B3A329817EFA00E6AF56 /* Helper */ = {
			isa = PBXGroup;
			children = (
				2B19B3A429817F0600E6AF56 /* JSONMapper.swift */,
			);
			path = Helper;
			sourceTree = "<group>";
		};
		2B56663B297E321700BD263E /* Settings */ = {
			isa = PBXGroup;
			children = (
				2B56663C297E322700BD263E /* SettingsView.swift */,
				2B566653297F6D2000BD263E /* SettingsViewModel.swift */,
			);
			path = Settings;
			sourceTree = "<group>";
		};
		2B56663E297ED5F600BD263E /* Views */ = {
			isa = PBXGroup;
			children = (
				2B56663F297ED60A00BD263E /* Toast.swift */,
				2B566644297EDE0900BD263E /* BackgroundView.swift */,
				2B566648297F319F00BD263E /* SkeletonLoaderView.swift */,
			);
			path = Views;
			sourceTree = "<group>";
		};
		2B566641297ED69300BD263E /* Resources */ = {
			isa = PBXGroup;
			children = (
				2B19B39E29816B9900E6AF56 /* JSON */,
				2B566642297ED69D00BD263E /* Theme.swift */,
				2B56664A297F44AE00BD263E /* Symbols.swift */,
				2B56664C297F457900BD263E /* Localizable.strings */,
				2B56664E297F47BF00BD263E /* Localizables.swift */,
			);
			path = Resources;
			sourceTree = "<group>";
		};
		2B566652297F555B00BD263E /* Extensions */ = {
			isa = PBXGroup;
			children = (
				2B566650297F555500BD263E /* View+Toast.swift */,
			);
			path = Extensions;
			sourceTree = "<group>";
		};
		2BF70B29297A214500B7263C = {
			isa = PBXGroup;
			children = (
				2BF70B34297A214500B7263C /* HyruleCompendium */,
				2BF70B4A297A214700B7263C /* HyruleCompendiumTests */,
				2BF70B54297A214700B7263C /* HyruleCompendiumUITests */,
				2BF70B33297A214500B7263C /* Products */,
			);
			sourceTree = "<group>";
		};
		2BF70B33297A214500B7263C /* Products */ = {
			isa = PBXGroup;
			children = (
				2BF70B32297A214500B7263C /* HyruleCompendium.app */,
				2BF70B47297A214700B7263C /* HyruleCompendiumTests.xctest */,
				2BF70B51297A214700B7263C /* HyruleCompendiumUITests.xctest */,
			);
			name = Products;
			sourceTree = "<group>";
		};
		2BF70B34297A214500B7263C /* HyruleCompendium */ = {
			isa = PBXGroup;
			children = (
				2B19B39929816B2100E6AF56 /* Mocks */,
				2BF70B6C297A2C7600B7263C /* Common */,
				2BF70B67297A2C0100B7263C /* Detail */,
				2BF70B66297A2BFC00B7263C /* List */,
				2B56663B297E321700BD263E /* Settings */,
				2B566652297F555B00BD263E /* Extensions */,
				2B566641297ED69300BD263E /* Resources */,
				2BF70B35297A214500B7263C /* HyruleCompendiumApp.swift */,
				2BF70B39297A214600B7263C /* Assets.xcassets */,
				2BF70B40297A214600B7263C /* HyruleCompendium.xcdatamodeld */,
				2BF70B3B297A214600B7263C /* Preview Content */,
			);
			path = HyruleCompendium;
			sourceTree = "<group>";
		};
		2BF70B3B297A214600B7263C /* Preview Content */ = {
			isa = PBXGroup;
			children = (
				2BF70B3C297A214600B7263C /* Preview Assets.xcassets */,
			);
			path = "Preview Content";
			sourceTree = "<group>";
		};
		2BF70B4A297A214700B7263C /* HyruleCompendiumTests */ = {
			isa = PBXGroup;
			children = (
				2BF70B4B297A214700B7263C /* NetworkManagerTests.swift */,
				2B19B3AE298184AB00E6AF56 /* ListViewModelTests.swift */,
			);
			path = HyruleCompendiumTests;
			sourceTree = "<group>";
		};
		2BF70B54297A214700B7263C /* HyruleCompendiumUITests */ = {
			isa = PBXGroup;
			children = (
				2BF70B55297A214700B7263C /* HyruleCompendiumUITests.swift */,
				2BF70B57297A214700B7263C /* HyruleCompendiumUITestsLaunchTests.swift */,
			);
			path = HyruleCompendiumUITests;
			sourceTree = "<group>";
		};
		2BF70B66297A2BFC00B7263C /* List */ = {
			isa = PBXGroup;
			children = (
				2B19B38E298043B800E6AF56 /* ListItem */,
				2BF70B64297A2BF200B7263C /* ListView.swift */,
				2BF70B6A297A2C6100B7263C /* ListViewModel.swift */,
			);
			path = List;
			sourceTree = "<group>";
		};
		2BF70B67297A2C0100B7263C /* Detail */ = {
			isa = PBXGroup;
			children = (
				2BF70B68297A2C0E00B7263C /* DetailView.swift */,
				2B19B38C2980435800E6AF56 /* DetailViewModel.swift */,
			);
			path = Detail;
			sourceTree = "<group>";
		};
		2BF70B6C297A2C7600B7263C /* Common */ = {
			isa = PBXGroup;
			children = (
				2B56663E297ED5F600BD263E /* Views */,
				2BF70B7A297CA30F00B7263C /* Data */,
				2BF70B6D297A2C7A00B7263C /* Models */,
			);
			path = Common;
			sourceTree = "<group>";
		};
		2BF70B6D297A2C7A00B7263C /* Models */ = {
			isa = PBXGroup;
			children = (
				2B19B3912980457500E6AF56 /* All.swift */,
				2BF70B6E297A2C8600B7263C /* Monster.swift */,
				2BF70B7D297CA44400B7263C /* ServerResponse.swift */,
				2B19B393298050A500E6AF56 /* Equipment.swift */,
				2B19B3952980D57D00E6AF56 /* Material.swift */,
			);
			path = Models;
			sourceTree = "<group>";
		};
		2BF70B7A297CA30F00B7263C /* Data */ = {
			isa = PBXGroup;
			children = (
				2BF70B73297A3B8D00B7263C /* Endpoints.swift */,
				2BF70B80297DDADE00B7263C /* Remote */,
				2BF70B7F297DDAD900B7263C /* Local */,
				2B566637297DDB3000BD263E /* DataManager.swift */,
				2B566639297E272200BD263E /* DataMapper.swift */,
			);
			path = Data;
			sourceTree = "<group>";
		};
		2BF70B7F297DDAD900B7263C /* Local */ = {
			isa = PBXGroup;
			children = (
				2BF70B7B297CA31B00B7263C /* CoreDataManager.swift */,
			);
			path = Local;
			sourceTree = "<group>";
		};
		2BF70B80297DDADE00B7263C /* Remote */ = {
			isa = PBXGroup;
			children = (
				2BF70B71297A3B6700B7263C /* NetworkManager.swift */,
			);
			path = Remote;
			sourceTree = "<group>";
		};
/* End PBXGroup section */

/* Begin PBXNativeTarget section */
		2BF70B31297A214500B7263C /* HyruleCompendium */ = {
			isa = PBXNativeTarget;
			buildConfigurationList = 2BF70B5B297A214700B7263C /* Build configuration list for PBXNativeTarget "HyruleCompendium" */;
			buildPhases = (
				2BF70B2E297A214500B7263C /* Sources */,
				2BF70B2F297A214500B7263C /* Frameworks */,
				2BF70B30297A214500B7263C /* Resources */,
			);
			buildRules = (
			);
			dependencies = (
			);
			name = HyruleCompendium;
			productName = HyruleCompendium;
			productReference = 2BF70B32297A214500B7263C /* HyruleCompendium.app */;
			productType = "com.apple.product-type.application";
		};
		2BF70B46297A214700B7263C /* HyruleCompendiumTests */ = {
			isa = PBXNativeTarget;
			buildConfigurationList = 2BF70B5E297A214700B7263C /* Build configuration list for PBXNativeTarget "HyruleCompendiumTests" */;
			buildPhases = (
				2BF70B43297A214700B7263C /* Sources */,
				2BF70B44297A214700B7263C /* Frameworks */,
				2BF70B45297A214700B7263C /* Resources */,
			);
			buildRules = (
			);
			dependencies = (
				2BF70B49297A214700B7263C /* PBXTargetDependency */,
			);
			name = HyruleCompendiumTests;
			productName = HyruleCompendiumTests;
			productReference = 2BF70B47297A214700B7263C /* HyruleCompendiumTests.xctest */;
			productType = "com.apple.product-type.bundle.unit-test";
		};
		2BF70B50297A214700B7263C /* HyruleCompendiumUITests */ = {
			isa = PBXNativeTarget;
			buildConfigurationList = 2BF70B61297A214700B7263C /* Build configuration list for PBXNativeTarget "HyruleCompendiumUITests" */;
			buildPhases = (
				2BF70B4D297A214700B7263C /* Sources */,
				2BF70B4E297A214700B7263C /* Frameworks */,
				2BF70B4F297A214700B7263C /* Resources */,
			);
			buildRules = (
			);
			dependencies = (
				2BF70B53297A214700B7263C /* PBXTargetDependency */,
			);
			name = HyruleCompendiumUITests;
			productName = HyruleCompendiumUITests;
			productReference = 2BF70B51297A214700B7263C /* HyruleCompendiumUITests.xctest */;
			productType = "com.apple.product-type.bundle.ui-testing";
		};
/* End PBXNativeTarget section */

/* Begin PBXProject section */
		2BF70B2A297A214500B7263C /* Project object */ = {
			isa = PBXProject;
			attributes = {
				BuildIndependentTargetsInParallel = 1;
				LastSwiftUpdateCheck = 1420;
				LastUpgradeCheck = 1420;
				TargetAttributes = {
					2BF70B31297A214500B7263C = {
						CreatedOnToolsVersion = 14.2;
					};
					2BF70B46297A214700B7263C = {
						CreatedOnToolsVersion = 14.2;
						TestTargetID = 2BF70B31297A214500B7263C;
					};
					2BF70B50297A214700B7263C = {
						CreatedOnToolsVersion = 14.2;
						TestTargetID = 2BF70B31297A214500B7263C;
					};
				};
			};
			buildConfigurationList = 2BF70B2D297A214500B7263C /* Build configuration list for PBXProject "HyruleCompendium" */;
			compatibilityVersion = "Xcode 14.0";
			developmentRegion = en;
			hasScannedForEncodings = 0;
			knownRegions = (
				en,
				Base,
			);
			mainGroup = 2BF70B29297A214500B7263C;
			productRefGroup = 2BF70B33297A214500B7263C /* Products */;
			projectDirPath = "";
			projectRoot = "";
			targets = (
				2BF70B31297A214500B7263C /* HyruleCompendium */,
				2BF70B46297A214700B7263C /* HyruleCompendiumTests */,
				2BF70B50297A214700B7263C /* HyruleCompendiumUITests */,
			);
		};
/* End PBXProject section */

/* Begin PBXResourcesBuildPhase section */
		2BF70B30297A214500B7263C /* Resources */ = {
			isa = PBXResourcesBuildPhase;
			buildActionMask = 2147483647;
			files = (
				2BF70B3D297A214600B7263C /* Preview Assets.xcassets in Resources */,
				2B19B3A029816BCB00E6AF56 /* All.json in Resources */,
				2B56664D297F457900BD263E /* Localizable.strings in Resources */,
				2BF70B3A297A214600B7263C /* Assets.xcassets in Resources */,
			);
			runOnlyForDeploymentPostprocessing = 0;
		};
		2BF70B45297A214700B7263C /* Resources */ = {
			isa = PBXResourcesBuildPhase;
			buildActionMask = 2147483647;
			files = (
			);
			runOnlyForDeploymentPostprocessing = 0;
		};
		2BF70B4F297A214700B7263C /* Resources */ = {
			isa = PBXResourcesBuildPhase;
			buildActionMask = 2147483647;
			files = (
			);
			runOnlyForDeploymentPostprocessing = 0;
		};
/* End PBXResourcesBuildPhase section */

/* Begin PBXSourcesBuildPhase section */
		2BF70B2E297A214500B7263C /* Sources */ = {
			isa = PBXSourcesBuildPhase;
			buildActionMask = 2147483647;
			files = (
				2B56663A297E272200BD263E /* DataMapper.swift in Sources */,
				2B19B3AB298180C400E6AF56 /* DataManagerMock.swift in Sources */,
				2B19B390298043CD00E6AF56 /* ListItemViewModel.swift in Sources */,
				2BF70B69297A2C0E00B7263C /* DetailView.swift in Sources */,
				2BF70B6B297A2C6100B7263C /* ListViewModel.swift in Sources */,
				2BF70B74297A3B8D00B7263C /* Endpoints.swift in Sources */,
				2BF70B7E297CA44400B7263C /* ServerResponse.swift in Sources */,
				2B19B394298050A500E6AF56 /* Equipment.swift in Sources */,
				2BF70B6F297A2C8600B7263C /* Monster.swift in Sources */,
				2BF70B76297B5D9C00B7263C /* ListItemView.swift in Sources */,
				2B19B39B29816B4E00E6AF56 /* NetworkManagerMock.swift in Sources */,
				2B566645297EDE0900BD263E /* BackgroundView.swift in Sources */,
				2B566640297ED60A00BD263E /* Toast.swift in Sources */,
				2B56664B297F44AF00BD263E /* Symbols.swift in Sources */,
				2B56664F297F47BF00BD263E /* Localizables.swift in Sources */,
				2B19B38D2980435800E6AF56 /* DetailViewModel.swift in Sources */,
				2B19B3A529817F0600E6AF56 /* JSONMapper.swift in Sources */,
				2B19B3A9298180B000E6AF56 /* CoreDataManagerMock.swift in Sources */,
				2B19B3922980457500E6AF56 /* All.swift in Sources */,
				2B19B3962980D57D00E6AF56 /* Material.swift in Sources */,
				2B56663D297E322700BD263E /* SettingsView.swift in Sources */,
				2B566643297ED69D00BD263E /* Theme.swift in Sources */,
				2BF70B65297A2BF200B7263C /* ListView.swift in Sources */,
				2B566649297F319F00BD263E /* SkeletonLoaderView.swift in Sources */,
				2B566651297F555500BD263E /* View+Toast.swift in Sources */,
				2BF70B72297A3B6700B7263C /* NetworkManager.swift in Sources */,
				2BF70B36297A214500B7263C /* HyruleCompendiumApp.swift in Sources */,
				2BF70B42297A214600B7263C /* HyruleCompendium.xcdatamodeld in Sources */,
				2B566654297F6D2000BD263E /* SettingsViewModel.swift in Sources */,
				2B566638297DDB3000BD263E /* DataManager.swift in Sources */,
				2BF70B7C297CA31B00B7263C /* CoreDataManager.swift in Sources */,
			);
			runOnlyForDeploymentPostprocessing = 0;
		};
		2BF70B43297A214700B7263C /* Sources */ = {
			isa = PBXSourcesBuildPhase;
			buildActionMask = 2147483647;
			files = (
				2B19B3AF298184AB00E6AF56 /* ListViewModelTests.swift in Sources */,
				2BF70B4C297A214700B7263C /* NetworkManagerTests.swift in Sources */,
			);
			runOnlyForDeploymentPostprocessing = 0;
		};
		2BF70B4D297A214700B7263C /* Sources */ = {
			isa = PBXSourcesBuildPhase;
			buildActionMask = 2147483647;
			files = (
				2BF70B58297A214700B7263C /* HyruleCompendiumUITestsLaunchTests.swift in Sources */,
				2BF70B56297A214700B7263C /* HyruleCompendiumUITests.swift in Sources */,
			);
			runOnlyForDeploymentPostprocessing = 0;
		};
/* End PBXSourcesBuildPhase section */

/* Begin PBXTargetDependency section */
		2BF70B49297A214700B7263C /* PBXTargetDependency */ = {
			isa = PBXTargetDependency;
			target = 2BF70B31297A214500B7263C /* HyruleCompendium */;
			targetProxy = 2BF70B48297A214700B7263C /* PBXContainerItemProxy */;
		};
		2BF70B53297A214700B7263C /* PBXTargetDependency */ = {
			isa = PBXTargetDependency;
			target = 2BF70B31297A214500B7263C /* HyruleCompendium */;
			targetProxy = 2BF70B52297A214700B7263C /* PBXContainerItemProxy */;
		};
/* End PBXTargetDependency section */

/* Begin XCBuildConfiguration section */
		2BF70B59297A214700B7263C /* Debug */ = {
			isa = XCBuildConfiguration;
			buildSettings = {
				ALWAYS_SEARCH_USER_PATHS = NO;
				CLANG_ANALYZER_NONNULL = YES;
				CLANG_ANALYZER_NUMBER_OBJECT_CONVERSION = YES_AGGRESSIVE;
				CLANG_CXX_LANGUAGE_STANDARD = "gnu++20";
				CLANG_ENABLE_MODULES = YES;
				CLANG_ENABLE_OBJC_ARC = YES;
				CLANG_ENABLE_OBJC_WEAK = YES;
				CLANG_WARN_BLOCK_CAPTURE_AUTORELEASING = YES;
				CLANG_WARN_BOOL_CONVERSION = YES;
				CLANG_WARN_COMMA = YES;
				CLANG_WARN_CONSTANT_CONVERSION = YES;
				CLANG_WARN_DEPRECATED_OBJC_IMPLEMENTATIONS = YES;
				CLANG_WARN_DIRECT_OBJC_ISA_USAGE = YES_ERROR;
				CLANG_WARN_DOCUMENTATION_COMMENTS = YES;
				CLANG_WARN_EMPTY_BODY = YES;
				CLANG_WARN_ENUM_CONVERSION = YES;
				CLANG_WARN_INFINITE_RECURSION = YES;
				CLANG_WARN_INT_CONVERSION = YES;
				CLANG_WARN_NON_LITERAL_NULL_CONVERSION = YES;
				CLANG_WARN_OBJC_IMPLICIT_RETAIN_SELF = YES;
				CLANG_WARN_OBJC_LITERAL_CONVERSION = YES;
				CLANG_WARN_OBJC_ROOT_CLASS = YES_ERROR;
				CLANG_WARN_QUOTED_INCLUDE_IN_FRAMEWORK_HEADER = YES;
				CLANG_WARN_RANGE_LOOP_ANALYSIS = YES;
				CLANG_WARN_STRICT_PROTOTYPES = YES;
				CLANG_WARN_SUSPICIOUS_MOVE = YES;
				CLANG_WARN_UNGUARDED_AVAILABILITY = YES_AGGRESSIVE;
				CLANG_WARN_UNREACHABLE_CODE = YES;
				CLANG_WARN__DUPLICATE_METHOD_MATCH = YES;
				COPY_PHASE_STRIP = NO;
				DEBUG_INFORMATION_FORMAT = dwarf;
				ENABLE_STRICT_OBJC_MSGSEND = YES;
				ENABLE_TESTABILITY = YES;
				GCC_C_LANGUAGE_STANDARD = gnu11;
				GCC_DYNAMIC_NO_PIC = NO;
				GCC_NO_COMMON_BLOCKS = YES;
				GCC_OPTIMIZATION_LEVEL = 0;
				GCC_PREPROCESSOR_DEFINITIONS = (
					"DEBUG=1",
					"$(inherited)",
				);
				GCC_WARN_64_TO_32_BIT_CONVERSION = YES;
				GCC_WARN_ABOUT_RETURN_TYPE = YES_ERROR;
				GCC_WARN_UNDECLARED_SELECTOR = YES;
				GCC_WARN_UNINITIALIZED_AUTOS = YES_AGGRESSIVE;
				GCC_WARN_UNUSED_FUNCTION = YES;
				GCC_WARN_UNUSED_VARIABLE = YES;
				IPHONEOS_DEPLOYMENT_TARGET = 16.2;
				MTL_ENABLE_DEBUG_INFO = INCLUDE_SOURCE;
				MTL_FAST_MATH = YES;
				ONLY_ACTIVE_ARCH = YES;
				SDKROOT = iphoneos;
				SWIFT_ACTIVE_COMPILATION_CONDITIONS = DEBUG;
				SWIFT_OPTIMIZATION_LEVEL = "-Onone";
			};
			name = Debug;
		};
		2BF70B5A297A214700B7263C /* Release */ = {
			isa = XCBuildConfiguration;
			buildSettings = {
				ALWAYS_SEARCH_USER_PATHS = NO;
				CLANG_ANALYZER_NONNULL = YES;
				CLANG_ANALYZER_NUMBER_OBJECT_CONVERSION = YES_AGGRESSIVE;
				CLANG_CXX_LANGUAGE_STANDARD = "gnu++20";
				CLANG_ENABLE_MODULES = YES;
				CLANG_ENABLE_OBJC_ARC = YES;
				CLANG_ENABLE_OBJC_WEAK = YES;
				CLANG_WARN_BLOCK_CAPTURE_AUTORELEASING = YES;
				CLANG_WARN_BOOL_CONVERSION = YES;
				CLANG_WARN_COMMA = YES;
				CLANG_WARN_CONSTANT_CONVERSION = YES;
				CLANG_WARN_DEPRECATED_OBJC_IMPLEMENTATIONS = YES;
				CLANG_WARN_DIRECT_OBJC_ISA_USAGE = YES_ERROR;
				CLANG_WARN_DOCUMENTATION_COMMENTS = YES;
				CLANG_WARN_EMPTY_BODY = YES;
				CLANG_WARN_ENUM_CONVERSION = YES;
				CLANG_WARN_INFINITE_RECURSION = YES;
				CLANG_WARN_INT_CONVERSION = YES;
				CLANG_WARN_NON_LITERAL_NULL_CONVERSION = YES;
				CLANG_WARN_OBJC_IMPLICIT_RETAIN_SELF = YES;
				CLANG_WARN_OBJC_LITERAL_CONVERSION = YES;
				CLANG_WARN_OBJC_ROOT_CLASS = YES_ERROR;
				CLANG_WARN_QUOTED_INCLUDE_IN_FRAMEWORK_HEADER = YES;
				CLANG_WARN_RANGE_LOOP_ANALYSIS = YES;
				CLANG_WARN_STRICT_PROTOTYPES = YES;
				CLANG_WARN_SUSPICIOUS_MOVE = YES;
				CLANG_WARN_UNGUARDED_AVAILABILITY = YES_AGGRESSIVE;
				CLANG_WARN_UNREACHABLE_CODE = YES;
				CLANG_WARN__DUPLICATE_METHOD_MATCH = YES;
				COPY_PHASE_STRIP = NO;
				DEBUG_INFORMATION_FORMAT = "dwarf-with-dsym";
				ENABLE_NS_ASSERTIONS = NO;
				ENABLE_STRICT_OBJC_MSGSEND = YES;
				GCC_C_LANGUAGE_STANDARD = gnu11;
				GCC_NO_COMMON_BLOCKS = YES;
				GCC_WARN_64_TO_32_BIT_CONVERSION = YES;
				GCC_WARN_ABOUT_RETURN_TYPE = YES_ERROR;
				GCC_WARN_UNDECLARED_SELECTOR = YES;
				GCC_WARN_UNINITIALIZED_AUTOS = YES_AGGRESSIVE;
				GCC_WARN_UNUSED_FUNCTION = YES;
				GCC_WARN_UNUSED_VARIABLE = YES;
				IPHONEOS_DEPLOYMENT_TARGET = 16.2;
				MTL_ENABLE_DEBUG_INFO = NO;
				MTL_FAST_MATH = YES;
				SDKROOT = iphoneos;
				SWIFT_COMPILATION_MODE = wholemodule;
				SWIFT_OPTIMIZATION_LEVEL = "-O";
				VALIDATE_PRODUCT = YES;
			};
			name = Release;
		};
		2BF70B5C297A214700B7263C /* Debug */ = {
			isa = XCBuildConfiguration;
			buildSettings = {
				ASSETCATALOG_COMPILER_APPICON_NAME = AppIcon;
				ASSETCATALOG_COMPILER_GLOBAL_ACCENT_COLOR_NAME = AccentColor;
				CODE_SIGN_STYLE = Automatic;
				CURRENT_PROJECT_VERSION = 1;
				DEVELOPMENT_ASSET_PATHS = "\"HyruleCompendium/Preview Content\"";
				DEVELOPMENT_TEAM = 36868B6YG7;
				ENABLE_PREVIEWS = YES;
				GENERATE_INFOPLIST_FILE = YES;
				INFOPLIST_KEY_CFBundleDisplayName = Hyruleapp;
				INFOPLIST_KEY_LSApplicationCategoryType = "public.app-category.entertainment";
				INFOPLIST_KEY_UIApplicationSceneManifest_Generation = YES;
				INFOPLIST_KEY_UIApplicationSupportsIndirectInputEvents = YES;
				INFOPLIST_KEY_UILaunchScreen_Generation = YES;
				INFOPLIST_KEY_UISupportedInterfaceOrientations_iPad = "UIInterfaceOrientationPortrait UIInterfaceOrientationPortraitUpsideDown UIInterfaceOrientationLandscapeLeft UIInterfaceOrientationLandscapeRight";
				INFOPLIST_KEY_UISupportedInterfaceOrientations_iPhone = "UIInterfaceOrientationPortrait UIInterfaceOrientationLandscapeLeft UIInterfaceOrientationLandscapeRight";
				IPHONEOS_DEPLOYMENT_TARGET = 16.0;
				LD_RUNPATH_SEARCH_PATHS = (
					"$(inherited)",
					"@executable_path/Frameworks",
				);
				MARKETING_VERSION = 1.0;
				PRODUCT_BUNDLE_IDENTIFIER = com.gabrielcolmena.HyruleCompendium;
				PRODUCT_NAME = "$(TARGET_NAME)";
				SWIFT_EMIT_LOC_STRINGS = YES;
				SWIFT_VERSION = 5.0;
				TARGETED_DEVICE_FAMILY = "1,2";
			};
			name = Debug;
		};
		2BF70B5D297A214700B7263C /* Release */ = {
			isa = XCBuildConfiguration;
			buildSettings = {
				ASSETCATALOG_COMPILER_APPICON_NAME = AppIcon;
				ASSETCATALOG_COMPILER_GLOBAL_ACCENT_COLOR_NAME = AccentColor;
				CODE_SIGN_STYLE = Automatic;
				CURRENT_PROJECT_VERSION = 1;
				DEVELOPMENT_ASSET_PATHS = "\"HyruleCompendium/Preview Content\"";
				DEVELOPMENT_TEAM = 36868B6YG7;
				ENABLE_PREVIEWS = YES;
				GENERATE_INFOPLIST_FILE = YES;
				INFOPLIST_KEY_CFBundleDisplayName = Hyruleapp;
				INFOPLIST_KEY_LSApplicationCategoryType = "public.app-category.entertainment";
				INFOPLIST_KEY_UIApplicationSceneManifest_Generation = YES;
				INFOPLIST_KEY_UIApplicationSupportsIndirectInputEvents = YES;
				INFOPLIST_KEY_UILaunchScreen_Generation = YES;
				INFOPLIST_KEY_UISupportedInterfaceOrientations_iPad = "UIInterfaceOrientationPortrait UIInterfaceOrientationPortraitUpsideDown UIInterfaceOrientationLandscapeLeft UIInterfaceOrientationLandscapeRight";
				INFOPLIST_KEY_UISupportedInterfaceOrientations_iPhone = "UIInterfaceOrientationPortrait UIInterfaceOrientationLandscapeLeft UIInterfaceOrientationLandscapeRight";
				IPHONEOS_DEPLOYMENT_TARGET = 16.0;
				LD_RUNPATH_SEARCH_PATHS = (
					"$(inherited)",
					"@executable_path/Frameworks",
				);
				MARKETING_VERSION = 1.0;
				PRODUCT_BUNDLE_IDENTIFIER = com.gabrielcolmena.HyruleCompendium;
				PRODUCT_NAME = "$(TARGET_NAME)";
				SWIFT_EMIT_LOC_STRINGS = YES;
				SWIFT_VERSION = 5.0;
				TARGETED_DEVICE_FAMILY = "1,2";
			};
			name = Release;
		};
		2BF70B5F297A214700B7263C /* Debug */ = {
			isa = XCBuildConfiguration;
			buildSettings = {
				ALWAYS_EMBED_SWIFT_STANDARD_LIBRARIES = YES;
				BUNDLE_LOADER = "$(TEST_HOST)";
				CODE_SIGN_STYLE = Automatic;
				CURRENT_PROJECT_VERSION = 1;
				DEVELOPMENT_TEAM = 36868B6YG7;
				GENERATE_INFOPLIST_FILE = YES;
				IPHONEOS_DEPLOYMENT_TARGET = 16.2;
				MARKETING_VERSION = 1.0;
				PRODUCT_BUNDLE_IDENTIFIER = com.gabrielcolmena.HyruleCompendiumTests;
				PRODUCT_NAME = "$(TARGET_NAME)";
				SWIFT_EMIT_LOC_STRINGS = NO;
				SWIFT_VERSION = 5.0;
				TARGETED_DEVICE_FAMILY = "1,2";
				TEST_HOST = "$(BUILT_PRODUCTS_DIR)/HyruleCompendium.app/$(BUNDLE_EXECUTABLE_FOLDER_PATH)/HyruleCompendium";
			};
			name = Debug;
		};
		2BF70B60297A214700B7263C /* Release */ = {
			isa = XCBuildConfiguration;
			buildSettings = {
				ALWAYS_EMBED_SWIFT_STANDARD_LIBRARIES = YES;
				BUNDLE_LOADER = "$(TEST_HOST)";
				CODE_SIGN_STYLE = Automatic;
				CURRENT_PROJECT_VERSION = 1;
				DEVELOPMENT_TEAM = 36868B6YG7;
				GENERATE_INFOPLIST_FILE = YES;
				IPHONEOS_DEPLOYMENT_TARGET = 16.2;
				MARKETING_VERSION = 1.0;
				PRODUCT_BUNDLE_IDENTIFIER = com.gabrielcolmena.HyruleCompendiumTests;
				PRODUCT_NAME = "$(TARGET_NAME)";
				SWIFT_EMIT_LOC_STRINGS = NO;
				SWIFT_VERSION = 5.0;
				TARGETED_DEVICE_FAMILY = "1,2";
				TEST_HOST = "$(BUILT_PRODUCTS_DIR)/HyruleCompendium.app/$(BUNDLE_EXECUTABLE_FOLDER_PATH)/HyruleCompendium";
			};
			name = Release;
		};
		2BF70B62297A214700B7263C /* Debug */ = {
			isa = XCBuildConfiguration;
			buildSettings = {
				ALWAYS_EMBED_SWIFT_STANDARD_LIBRARIES = YES;
				CODE_SIGN_STYLE = Automatic;
				CURRENT_PROJECT_VERSION = 1;
				DEVELOPMENT_TEAM = 36868B6YG7;
				GENERATE_INFOPLIST_FILE = YES;
				MARKETING_VERSION = 1.0;
				PRODUCT_BUNDLE_IDENTIFIER = com.gabrielcolmena.HyruleCompendiumUITests;
				PRODUCT_NAME = "$(TARGET_NAME)";
				SWIFT_EMIT_LOC_STRINGS = NO;
				SWIFT_VERSION = 5.0;
				TARGETED_DEVICE_FAMILY = "1,2";
				TEST_TARGET_NAME = HyruleCompendium;
			};
			name = Debug;
		};
		2BF70B63297A214700B7263C /* Release */ = {
			isa = XCBuildConfiguration;
			buildSettings = {
				ALWAYS_EMBED_SWIFT_STANDARD_LIBRARIES = YES;
				CODE_SIGN_STYLE = Automatic;
				CURRENT_PROJECT_VERSION = 1;
				DEVELOPMENT_TEAM = 36868B6YG7;
				GENERATE_INFOPLIST_FILE = YES;
				MARKETING_VERSION = 1.0;
				PRODUCT_BUNDLE_IDENTIFIER = com.gabrielcolmena.HyruleCompendiumUITests;
				PRODUCT_NAME = "$(TARGET_NAME)";
				SWIFT_EMIT_LOC_STRINGS = NO;
				SWIFT_VERSION = 5.0;
				TARGETED_DEVICE_FAMILY = "1,2";
				TEST_TARGET_NAME = HyruleCompendium;
			};
			name = Release;
		};
/* End XCBuildConfiguration section */

/* Begin XCConfigurationList section */
		2BF70B2D297A214500B7263C /* Build configuration list for PBXProject "HyruleCompendium" */ = {
			isa = XCConfigurationList;
			buildConfigurations = (
				2BF70B59297A214700B7263C /* Debug */,
				2BF70B5A297A214700B7263C /* Release */,
			);
			defaultConfigurationIsVisible = 0;
			defaultConfigurationName = Release;
		};
		2BF70B5B297A214700B7263C /* Build configuration list for PBXNativeTarget "HyruleCompendium" */ = {
			isa = XCConfigurationList;
			buildConfigurations = (
				2BF70B5C297A214700B7263C /* Debug */,
				2BF70B5D297A214700B7263C /* Release */,
			);
			defaultConfigurationIsVisible = 0;
			defaultConfigurationName = Release;
		};
		2BF70B5E297A214700B7263C /* Build configuration list for PBXNativeTarget "HyruleCompendiumTests" */ = {
			isa = XCConfigurationList;
			buildConfigurations = (
				2BF70B5F297A214700B7263C /* Debug */,
				2BF70B60297A214700B7263C /* Release */,
			);
			defaultConfigurationIsVisible = 0;
			defaultConfigurationName = Release;
		};
		2BF70B61297A214700B7263C /* Build configuration list for PBXNativeTarget "HyruleCompendiumUITests" */ = {
			isa = XCConfigurationList;
			buildConfigurations = (
				2BF70B62297A214700B7263C /* Debug */,
				2BF70B63297A214700B7263C /* Release */,
			);
			defaultConfigurationIsVisible = 0;
			defaultConfigurationName = Release;
		};
/* End XCConfigurationList section */

/* Begin XCVersionGroup section */
		2BF70B40297A214600B7263C /* HyruleCompendium.xcdatamodeld */ = {
			isa = XCVersionGroup;
			children = (
				2BF70B41297A214600B7263C /* HyruleCompendium.xcdatamodel */,
			);
			currentVersion = 2BF70B41297A214600B7263C /* HyruleCompendium.xcdatamodel */;
			path = HyruleCompendium.xcdatamodeld;
			sourceTree = "<group>";
			versionGroupType = wrapper.xcdatamodel;
		};
/* End XCVersionGroup section */
	};
	rootObject = 2BF70B2A297A214500B7263C /* Project object */;
}
